{
  "format_version": "1.0",
  "provider_schemas": {
    "registry.terraform.io/cdot65/junos-ipsec-policy-based": {
      "provider": {
        "version": 0,
        "block": {
          "attributes": {
            "host": {
              "type": "string",
              "description_kind": "plain",
              "required": true
            },
            "password": {
              "type": "string",
              "description_kind": "plain",
              "required": true
            },
            "port": {
              "type": "number",
              "description_kind": "plain",
              "required": true
            },
            "sshkey": {
              "type": "string",
              "description_kind": "plain",
              "required": true
            },
            "username": {
              "type": "string",
              "description_kind": "plain",
              "required": true
            }
          },
          "description_kind": "plain"
        }
      },
      "resource_schemas": {
        "junos-ipsec-policy-based_SecurityAddress__BookAddressIp__Prefix": {
          "version": 0,
          "block": {
            "attributes": {
              "id": {
                "type": "string",
                "description_kind": "plain",
                "optional": true,
                "computed": true
              },
              "ip__prefix": {
                "type": "string",
                "description": "xpath is: config.Groups.V_address__book.V_address. Numeric IPv4 or IPv6 address with prefix",
                "description_kind": "plain",
                "optional": true
              },
              "name": {
                "type": "string",
                "description": "xpath is: config.Groups.V_address__book",
                "description_kind": "plain",
                "optional": true
              },
              "name__1": {
                "type": "string",
                "description": "xpath is: config.Groups.V_address__book.V_address",
                "description_kind": "plain",
                "optional": true
              },
              "resource_name": {
                "type": "string",
                "description_kind": "plain",
                "required": true
              }
            },
            "description_kind": "plain"
          }
        },
        "junos-ipsec-policy-based_SecurityAddress__BookAddressName": {
          "version": 0,
          "block": {
            "attributes": {
              "id": {
                "type": "string",
                "description_kind": "plain",
                "optional": true,
                "computed": true
              },
              "name": {
                "type": "string",
                "description": "xpath is: config.Groups.V_address__book",
                "description_kind": "plain",
                "optional": true
              },
              "name__1": {
                "type": "string",
                "description": "xpath is: config.Groups.V_address__book.V_address. Security address name",
                "description_kind": "plain",
                "optional": true
              },
              "resource_name": {
                "type": "string",
                "description_kind": "plain",
                "required": true
              }
            },
            "description_kind": "plain"
          }
        },
        "junos-ipsec-policy-based_SecurityAddress__BookAttachZoneName": {
          "version": 0,
          "block": {
            "attributes": {
              "id": {
                "type": "string",
                "description_kind": "plain",
                "optional": true,
                "computed": true
              },
              "name": {
                "type": "string",
                "description": "xpath is: config.Groups.V_address__book",
                "description_kind": "plain",
                "optional": true
              },
              "name__1": {
                "type": "string",
                "description": "xpath is: config.Groups.V_address__book.V_zone. Security zone name",
                "description_kind": "plain",
                "optional": true
              },
              "resource_name": {
                "type": "string",
                "description_kind": "plain",
                "required": true
              }
            },
            "description_kind": "plain"
          }
        },
        "junos-ipsec-policy-based_SecurityAddress__BookName": {
          "version": 0,
          "block": {
            "attributes": {
              "id": {
                "type": "string",
                "description_kind": "plain",
                "optional": true,
                "computed": true
              },
              "name": {
                "type": "string",
                "description": "xpath is: config.Groups.V_address__book. Address book name",
                "description_kind": "plain",
                "optional": true
              },
              "resource_name": {
                "type": "string",
                "description_kind": "plain",
                "required": true
              }
            },
            "description_kind": "plain"
          }
        },
        "junos-ipsec-policy-based_SecurityFlowTcp__MssIpsec__VpnMss": {
          "version": 0,
          "block": {
            "attributes": {
              "id": {
                "type": "string",
                "description_kind": "plain",
                "optional": true,
                "computed": true
              },
              "mss": {
                "type": "string",
                "description": "xpath is: config.Groups.V_ipsec__vpn. MSS value",
                "description_kind": "plain",
                "optional": true
              },
              "resource_name": {
                "type": "string",
                "description_kind": "plain",
                "required": true
              }
            },
            "description_kind": "plain"
          }
        },
        "junos-ipsec-policy-based_SecurityIkeGatewayAddress": {
          "version": 0,
          "block": {
            "attributes": {
              "address": {
                "type": "string",
                "description": "xpath is: config.Groups.V_gateway. Addresses or hostnames of peer:1 primary, upto 4 backups",
                "description_kind": "plain",
                "optional": true
              },
              "id": {
                "type": "string",
                "description_kind": "plain",
                "optional": true,
                "computed": true
              },
              "name": {
                "type": "string",
                "description": "xpath is: config.Groups.V_gateway",
                "description_kind": "plain",
                "optional": true
              },
              "resource_name": {
                "type": "string",
                "description_kind": "plain",
                "required": true
              }
            },
            "description_kind": "plain"
          }
        },
        "junos-ipsec-policy-based_SecurityIkeGatewayExternal__Interface": {
          "version": 0,
          "block": {
            "attributes": {
              "external__interface": {
                "type": "string",
                "description": "xpath is: config.Groups.V_gateway. External interface for IKE negotiations",
                "description_kind": "plain",
                "optional": true
              },
              "id": {
                "type": "string",
                "description_kind": "plain",
                "optional": true,
                "computed": true
              },
              "name": {
                "type": "string",
                "description": "xpath is: config.Groups.V_gateway",
                "description_kind": "plain",
                "optional": true
              },
              "resource_name": {
                "type": "string",
                "description_kind": "plain",
                "required": true
              }
            },
            "description_kind": "plain"
          }
        },
        "junos-ipsec-policy-based_SecurityIkeGatewayIke__Policy": {
          "version": 0,
          "block": {
            "attributes": {
              "id": {
                "type": "string",
                "description_kind": "plain",
                "optional": true,
                "computed": true
              },
              "ike__policy": {
                "type": "string",
                "description": "xpath is: config.Groups.V_gateway. Name of the IKE policy",
                "description_kind": "plain",
                "optional": true
              },
              "name": {
                "type": "string",
                "description": "xpath is: config.Groups.V_gateway",
                "description_kind": "plain",
                "optional": true
              },
              "resource_name": {
                "type": "string",
                "description_kind": "plain",
                "required": true
              }
            },
            "description_kind": "plain"
          }
        },
        "junos-ipsec-policy-based_SecurityIkeGatewayName": {
          "version": 0,
          "block": {
            "attributes": {
              "id": {
                "type": "string",
                "description_kind": "plain",
                "optional": true,
                "computed": true
              },
              "name": {
                "type": "string",
                "description": "xpath is: config.Groups.V_gateway. Label for the remote (peer) gateway",
                "description_kind": "plain",
                "optional": true
              },
              "resource_name": {
                "type": "string",
                "description_kind": "plain",
                "required": true
              }
            },
            "description_kind": "plain"
          }
        },
        "junos-ipsec-policy-based_SecurityIkePolicyDescription": {
          "version": 0,
          "block": {
            "attributes": {
              "description": {
                "type": "string",
                "description": "xpath is: config.Groups.V_policy. Text description of IKE policy",
                "description_kind": "plain",
                "optional": true
              },
              "id": {
                "type": "string",
                "description_kind": "plain",
                "optional": true,
                "computed": true
              },
              "name": {
                "type": "string",
                "description": "xpath is: config.Groups.V_policy",
                "description_kind": "plain",
                "optional": true
              },
              "resource_name": {
                "type": "string",
                "description_kind": "plain",
                "required": true
              }
            },
            "description_kind": "plain"
          }
        },
        "junos-ipsec-policy-based_SecurityIkePolicyMode": {
          "version": 0,
          "block": {
            "attributes": {
              "id": {
                "type": "string",
                "description_kind": "plain",
                "optional": true,
                "computed": true
              },
              "mode": {
                "type": "string",
                "description": "xpath is: config.Groups.V_policy. Define the IKE mode for Phase 1",
                "description_kind": "plain",
                "optional": true
              },
              "name": {
                "type": "string",
                "description": "xpath is: config.Groups.V_policy",
                "description_kind": "plain",
                "optional": true
              },
              "resource_name": {
                "type": "string",
                "description_kind": "plain",
                "required": true
              }
            },
            "description_kind": "plain"
          }
        },
        "junos-ipsec-policy-based_SecurityIkePolicyName": {
          "version": 0,
          "block": {
            "attributes": {
              "id": {
                "type": "string",
                "description_kind": "plain",
                "optional": true,
                "computed": true
              },
              "name": {
                "type": "string",
                "description": "xpath is: config.Groups.V_policy. Name of policy",
                "description_kind": "plain",
                "optional": true
              },
              "resource_name": {
                "type": "string",
                "description_kind": "plain",
                "required": true
              }
            },
            "description_kind": "plain"
          }
        },
        "junos-ipsec-policy-based_SecurityIkePolicyPre__Shared__KeyAscii__Text": {
          "version": 0,
          "block": {
            "attributes": {
              "ascii__text": {
                "type": "string",
                "description": "xpath is: config.Groups.V_policy.V_pre__shared__key. Format as text",
                "description_kind": "plain",
                "optional": true
              },
              "id": {
                "type": "string",
                "description_kind": "plain",
                "optional": true,
                "computed": true
              },
              "name": {
                "type": "string",
                "description": "xpath is: config.Groups.V_policy",
                "description_kind": "plain",
                "optional": true
              },
              "resource_name": {
                "type": "string",
                "description_kind": "plain",
                "required": true
              }
            },
            "description_kind": "plain"
          }
        },
        "junos-ipsec-policy-based_SecurityIkePolicyProposals": {
          "version": 0,
          "block": {
            "attributes": {
              "id": {
                "type": "string",
                "description_kind": "plain",
                "optional": true,
                "computed": true
              },
              "name": {
                "type": "string",
                "description": "xpath is: config.Groups.V_policy",
                "description_kind": "plain",
                "optional": true
              },
              "proposals": {
                "type": "string",
                "description": "xpath is: config.Groups.V_policy. Name of the proposal",
                "description_kind": "plain",
                "optional": true
              },
              "resource_name": {
                "type": "string",
                "description_kind": "plain",
                "required": true
              }
            },
            "description_kind": "plain"
          }
        },
        "junos-ipsec-policy-based_SecurityIkeProposalAuthentication__Algorithm": {
          "version": 0,
          "block": {
            "attributes": {
              "authentication__algorithm": {
                "type": "string",
                "description": "xpath is: config.Groups.V_proposal. Define authentication algorithm",
                "description_kind": "plain",
                "optional": true
              },
              "id": {
                "type": "string",
                "description_kind": "plain",
                "optional": true,
                "computed": true
              },
              "name": {
                "type": "string",
                "description": "xpath is: config.Groups.V_proposal",
                "description_kind": "plain",
                "optional": true
              },
              "resource_name": {
                "type": "string",
                "description_kind": "plain",
                "required": true
              }
            },
            "description_kind": "plain"
          }
        },
        "junos-ipsec-policy-based_SecurityIkeProposalAuthentication__Method": {
          "version": 0,
          "block": {
            "attributes": {
              "authentication__method": {
                "type": "string",
                "description": "xpath is: config.Groups.V_proposal. Define authentication method",
                "description_kind": "plain",
                "optional": true
              },
              "id": {
                "type": "string",
                "description_kind": "plain",
                "optional": true,
                "computed": true
              },
              "name": {
                "type": "string",
                "description": "xpath is: config.Groups.V_proposal",
                "description_kind": "plain",
                "optional": true
              },
              "resource_name": {
                "type": "string",
                "description_kind": "plain",
                "required": true
              }
            },
            "description_kind": "plain"
          }
        },
        "junos-ipsec-policy-based_SecurityIkeProposalDescription": {
          "version": 0,
          "block": {
            "attributes": {
              "description": {
                "type": "string",
                "description": "xpath is: config.Groups.V_proposal. Text description of IKE proposal",
                "description_kind": "plain",
                "optional": true
              },
              "id": {
                "type": "string",
                "description_kind": "plain",
                "optional": true,
                "computed": true
              },
              "name": {
                "type": "string",
                "description": "xpath is: config.Groups.V_proposal",
                "description_kind": "plain",
                "optional": true
              },
              "resource_name": {
                "type": "string",
                "description_kind": "plain",
                "required": true
              }
            },
            "description_kind": "plain"
          }
        },
        "junos-ipsec-policy-based_SecurityIkeProposalDh__Group": {
          "version": 0,
          "block": {
            "attributes": {
              "dh__group": {
                "type": "string",
                "description": "xpath is: config.Groups.V_proposal. Define Diffie-Hellman group",
                "description_kind": "plain",
                "optional": true
              },
              "id": {
                "type": "string",
                "description_kind": "plain",
                "optional": true,
                "computed": true
              },
              "name": {
                "type": "string",
                "description": "xpath is: config.Groups.V_proposal",
                "description_kind": "plain",
                "optional": true
              },
              "resource_name": {
                "type": "string",
                "description_kind": "plain",
                "required": true
              }
            },
            "description_kind": "plain"
          }
        },
        "junos-ipsec-policy-based_SecurityIkeProposalEncryption__Algorithm": {
          "version": 0,
          "block": {
            "attributes": {
              "encryption__algorithm": {
                "type": "string",
                "description": "xpath is: config.Groups.V_proposal. Define encryption algorithm",
                "description_kind": "plain",
                "optional": true
              },
              "id": {
                "type": "string",
                "description_kind": "plain",
                "optional": true,
                "computed": true
              },
              "name": {
                "type": "string",
                "description": "xpath is: config.Groups.V_proposal",
                "description_kind": "plain",
                "optional": true
              },
              "resource_name": {
                "type": "string",
                "description_kind": "plain",
                "required": true
              }
            },
            "description_kind": "plain"
          }
        },
        "junos-ipsec-policy-based_SecurityIkeProposalLifetime__Seconds": {
          "version": 0,
          "block": {
            "attributes": {
              "id": {
                "type": "string",
                "description_kind": "plain",
                "optional": true,
                "computed": true
              },
              "lifetime__seconds": {
                "type": "string",
                "description": "xpath is: config.Groups.V_proposal. Lifetime, in seconds",
                "description_kind": "plain",
                "optional": true
              },
              "name": {
                "type": "string",
                "description": "xpath is: config.Groups.V_proposal",
                "description_kind": "plain",
                "optional": true
              },
              "resource_name": {
                "type": "string",
                "description_kind": "plain",
                "required": true
              }
            },
            "description_kind": "plain"
          }
        },
        "junos-ipsec-policy-based_SecurityIkeProposalName": {
          "version": 0,
          "block": {
            "attributes": {
              "id": {
                "type": "string",
                "description_kind": "plain",
                "optional": true,
                "computed": true
              },
              "name": {
                "type": "string",
                "description": "xpath is: config.Groups.V_proposal. Name of the IKE proposal",
                "description_kind": "plain",
                "optional": true
              },
              "resource_name": {
                "type": "string",
                "description_kind": "plain",
                "required": true
              }
            },
            "description_kind": "plain"
          }
        },
        "junos-ipsec-policy-based_SecurityIpsecPolicyName": {
          "version": 0,
          "block": {
            "attributes": {
              "id": {
                "type": "string",
                "description_kind": "plain",
                "optional": true,
                "computed": true
              },
              "name": {
                "type": "string",
                "description": "xpath is: config.Groups.V_policy. Name of the IPSec policy",
                "description_kind": "plain",
                "optional": true
              },
              "resource_name": {
                "type": "string",
                "description_kind": "plain",
                "required": true
              }
            },
            "description_kind": "plain"
          }
        },
        "junos-ipsec-policy-based_SecurityIpsecPolicyProposals": {
          "version": 0,
          "block": {
            "attributes": {
              "id": {
                "type": "string",
                "description_kind": "plain",
                "optional": true,
                "computed": true
              },
              "name": {
                "type": "string",
                "description": "xpath is: config.Groups.V_policy",
                "description_kind": "plain",
                "optional": true
              },
              "proposals": {
                "type": "string",
                "description": "xpath is: config.Groups.V_policy. Name of the proposal",
                "description_kind": "plain",
                "optional": true
              },
              "resource_name": {
                "type": "string",
                "description_kind": "plain",
                "required": true
              }
            },
            "description_kind": "plain"
          }
        },
        "junos-ipsec-policy-based_SecurityIpsecProposalAuthentication__Algorithm": {
          "version": 0,
          "block": {
            "attributes": {
              "authentication__algorithm": {
                "type": "string",
                "description": "xpath is: config.Groups.V_proposal. Define authentication algorithm",
                "description_kind": "plain",
                "optional": true
              },
              "id": {
                "type": "string",
                "description_kind": "plain",
                "optional": true,
                "computed": true
              },
              "name": {
                "type": "string",
                "description": "xpath is: config.Groups.V_proposal",
                "description_kind": "plain",
                "optional": true
              },
              "resource_name": {
                "type": "string",
                "description_kind": "plain",
                "required": true
              }
            },
            "description_kind": "plain"
          }
        },
        "junos-ipsec-policy-based_SecurityIpsecProposalDescription": {
          "version": 0,
          "block": {
            "attributes": {
              "description": {
                "type": "string",
                "description": "xpath is: config.Groups.V_proposal. Text description of IPSec proposal",
                "description_kind": "plain",
                "optional": true
              },
              "id": {
                "type": "string",
                "description_kind": "plain",
                "optional": true,
                "computed": true
              },
              "name": {
                "type": "string",
                "description": "xpath is: config.Groups.V_proposal",
                "description_kind": "plain",
                "optional": true
              },
              "resource_name": {
                "type": "string",
                "description_kind": "plain",
                "required": true
              }
            },
            "description_kind": "plain"
          }
        },
        "junos-ipsec-policy-based_SecurityIpsecProposalEncryption__Algorithm": {
          "version": 0,
          "block": {
            "attributes": {
              "encryption__algorithm": {
                "type": "string",
                "description": "xpath is: config.Groups.V_proposal. Define encryption algorithm",
                "description_kind": "plain",
                "optional": true
              },
              "id": {
                "type": "string",
                "description_kind": "plain",
                "optional": true,
                "computed": true
              },
              "name": {
                "type": "string",
                "description": "xpath is: config.Groups.V_proposal",
                "description_kind": "plain",
                "optional": true
              },
              "resource_name": {
                "type": "string",
                "description_kind": "plain",
                "required": true
              }
            },
            "description_kind": "plain"
          }
        },
        "junos-ipsec-policy-based_SecurityIpsecProposalName": {
          "version": 0,
          "block": {
            "attributes": {
              "id": {
                "type": "string",
                "description_kind": "plain",
                "optional": true,
                "computed": true
              },
              "name": {
                "type": "string",
                "description": "xpath is: config.Groups.V_proposal. Name of the IPSec proposal",
                "description_kind": "plain",
                "optional": true
              },
              "resource_name": {
                "type": "string",
                "description_kind": "plain",
                "required": true
              }
            },
            "description_kind": "plain"
          }
        },
        "junos-ipsec-policy-based_SecurityIpsecProposalProtocol": {
          "version": 0,
          "block": {
            "attributes": {
              "id": {
                "type": "string",
                "description_kind": "plain",
                "optional": true,
                "computed": true
              },
              "name": {
                "type": "string",
                "description": "xpath is: config.Groups.V_proposal",
                "description_kind": "plain",
                "optional": true
              },
              "protocol": {
                "type": "string",
                "description": "xpath is: config.Groups.V_proposal. Define an IPSec protocol for the proposal",
                "description_kind": "plain",
                "optional": true
              },
              "resource_name": {
                "type": "string",
                "description_kind": "plain",
                "required": true
              }
            },
            "description_kind": "plain"
          }
        },
        "junos-ipsec-policy-based_SecurityIpsecVpnEstablish__Tunnels": {
          "version": 0,
          "block": {
            "attributes": {
              "establish__tunnels": {
                "type": "string",
                "description": "xpath is: config.Groups.V_vpn. Define the criteria to establish tunnels",
                "description_kind": "plain",
                "optional": true
              },
              "id": {
                "type": "string",
                "description_kind": "plain",
                "optional": true,
                "computed": true
              },
              "name": {
                "type": "string",
                "description": "xpath is: config.Groups.V_vpn",
                "description_kind": "plain",
                "optional": true
              },
              "resource_name": {
                "type": "string",
                "description_kind": "plain",
                "required": true
              }
            },
            "description_kind": "plain"
          }
        },
        "junos-ipsec-policy-based_SecurityIpsecVpnIkeGateway": {
          "version": 0,
          "block": {
            "attributes": {
              "gateway": {
                "type": "string",
                "description": "xpath is: config.Groups.V_vpn.V_ike. Name of remote gateway",
                "description_kind": "plain",
                "optional": true
              },
              "id": {
                "type": "string",
                "description_kind": "plain",
                "optional": true,
                "computed": true
              },
              "name": {
                "type": "string",
                "description": "xpath is: config.Groups.V_vpn",
                "description_kind": "plain",
                "optional": true
              },
              "resource_name": {
                "type": "string",
                "description_kind": "plain",
                "required": true
              }
            },
            "description_kind": "plain"
          }
        },
        "junos-ipsec-policy-based_SecurityIpsecVpnIkeIpsec__Policy": {
          "version": 0,
          "block": {
            "attributes": {
              "id": {
                "type": "string",
                "description_kind": "plain",
                "optional": true,
                "computed": true
              },
              "ipsec__policy": {
                "type": "string",
                "description": "xpath is: config.Groups.V_vpn.V_ike. Name of the IPSec policy",
                "description_kind": "plain",
                "optional": true
              },
              "name": {
                "type": "string",
                "description": "xpath is: config.Groups.V_vpn",
                "description_kind": "plain",
                "optional": true
              },
              "resource_name": {
                "type": "string",
                "description_kind": "plain",
                "required": true
              }
            },
            "description_kind": "plain"
          }
        },
        "junos-ipsec-policy-based_SecurityIpsecVpnName": {
          "version": 0,
          "block": {
            "attributes": {
              "id": {
                "type": "string",
                "description_kind": "plain",
                "optional": true,
                "computed": true
              },
              "name": {
                "type": "string",
                "description": "xpath is: config.Groups.V_vpn. Name of the VPN",
                "description_kind": "plain",
                "optional": true
              },
              "resource_name": {
                "type": "string",
                "description_kind": "plain",
                "required": true
              }
            },
            "description_kind": "plain"
          }
        },
        "junos-ipsec-policy-based_SecurityPoliciesPolicyFrom__Zone__Name": {
          "version": 0,
          "block": {
            "attributes": {
              "from__zone__name": {
                "type": "string",
                "description": "xpath is: config.Groups.V_policy. Source zone",
                "description_kind": "plain",
                "optional": true
              },
              "id": {
                "type": "string",
                "description_kind": "plain",
                "optional": true,
                "computed": true
              },
              "resource_name": {
                "type": "string",
                "description_kind": "plain",
                "required": true
              },
              "to__zone__name": {
                "type": "string",
                "description": "xpath is: config.Groups.V_policy",
                "description_kind": "plain",
                "optional": true
              }
            },
            "description_kind": "plain"
          }
        },
        "junos-ipsec-policy-based_SecurityPoliciesPolicyPolicyMatchApplication": {
          "version": 0,
          "block": {
            "attributes": {
              "application": {
                "type": "string",
                "description": "xpath is: config.Groups.V_policy.V_policy__1.V_match. ",
                "description_kind": "plain",
                "optional": true
              },
              "from__zone__name": {
                "type": "string",
                "description": "xpath is: config.Groups.V_policy",
                "description_kind": "plain",
                "optional": true
              },
              "id": {
                "type": "string",
                "description_kind": "plain",
                "optional": true,
                "computed": true
              },
              "name": {
                "type": "string",
                "description": "xpath is: config.Groups.V_policy.V_policy__1",
                "description_kind": "plain",
                "optional": true
              },
              "resource_name": {
                "type": "string",
                "description_kind": "plain",
                "required": true
              },
              "to__zone__name": {
                "type": "string",
                "description": "xpath is: config.Groups.V_policy",
                "description_kind": "plain",
                "optional": true
              }
            },
            "description_kind": "plain"
          }
        },
        "junos-ipsec-policy-based_SecurityPoliciesPolicyPolicyMatchDestination__Address": {
          "version": 0,
          "block": {
            "attributes": {
              "destination__address": {
                "type": "string",
                "description": "xpath is: config.Groups.V_policy.V_policy__1.V_match. ",
                "description_kind": "plain",
                "optional": true
              },
              "from__zone__name": {
                "type": "string",
                "description": "xpath is: config.Groups.V_policy",
                "description_kind": "plain",
                "optional": true
              },
              "id": {
                "type": "string",
                "description_kind": "plain",
                "optional": true,
                "computed": true
              },
              "name": {
                "type": "string",
                "description": "xpath is: config.Groups.V_policy.V_policy__1",
                "description_kind": "plain",
                "optional": true
              },
              "resource_name": {
                "type": "string",
                "description_kind": "plain",
                "required": true
              },
              "to__zone__name": {
                "type": "string",
                "description": "xpath is: config.Groups.V_policy",
                "description_kind": "plain",
                "optional": true
              }
            },
            "description_kind": "plain"
          }
        },
        "junos-ipsec-policy-based_SecurityPoliciesPolicyPolicyMatchSource__Address": {
          "version": 0,
          "block": {
            "attributes": {
              "from__zone__name": {
                "type": "string",
                "description": "xpath is: config.Groups.V_policy",
                "description_kind": "plain",
                "optional": true
              },
              "id": {
                "type": "string",
                "description_kind": "plain",
                "optional": true,
                "computed": true
              },
              "name": {
                "type": "string",
                "description": "xpath is: config.Groups.V_policy.V_policy__1",
                "description_kind": "plain",
                "optional": true
              },
              "resource_name": {
                "type": "string",
                "description_kind": "plain",
                "required": true
              },
              "source__address": {
                "type": "string",
                "description": "xpath is: config.Groups.V_policy.V_policy__1.V_match. ",
                "description_kind": "plain",
                "optional": true
              },
              "to__zone__name": {
                "type": "string",
                "description": "xpath is: config.Groups.V_policy",
                "description_kind": "plain",
                "optional": true
              }
            },
            "description_kind": "plain"
          }
        },
        "junos-ipsec-policy-based_SecurityPoliciesPolicyPolicyName": {
          "version": 0,
          "block": {
            "attributes": {
              "from__zone__name": {
                "type": "string",
                "description": "xpath is: config.Groups.V_policy",
                "description_kind": "plain",
                "optional": true
              },
              "id": {
                "type": "string",
                "description_kind": "plain",
                "optional": true,
                "computed": true
              },
              "name": {
                "type": "string",
                "description": "xpath is: config.Groups.V_policy.V_policy__1. Security policy name",
                "description_kind": "plain",
                "optional": true
              },
              "resource_name": {
                "type": "string",
                "description_kind": "plain",
                "required": true
              },
              "to__zone__name": {
                "type": "string",
                "description": "xpath is: config.Groups.V_policy",
                "description_kind": "plain",
                "optional": true
              }
            },
            "description_kind": "plain"
          }
        },
        "junos-ipsec-policy-based_SecurityPoliciesPolicyPolicyThenPermitTunnelIpsec__Vpn": {
          "version": 0,
          "block": {
            "attributes": {
              "from__zone__name": {
                "type": "string",
                "description": "xpath is: config.Groups.V_policy",
                "description_kind": "plain",
                "optional": true
              },
              "id": {
                "type": "string",
                "description_kind": "plain",
                "optional": true,
                "computed": true
              },
              "ipsec__vpn": {
                "type": "string",
                "description": "xpath is: config.Groups.V_policy.V_policy__1.V_tunnel. Enable VPN with name",
                "description_kind": "plain",
                "optional": true
              },
              "name": {
                "type": "string",
                "description": "xpath is: config.Groups.V_policy.V_policy__1",
                "description_kind": "plain",
                "optional": true
              },
              "resource_name": {
                "type": "string",
                "description_kind": "plain",
                "required": true
              },
              "to__zone__name": {
                "type": "string",
                "description": "xpath is: config.Groups.V_policy",
                "description_kind": "plain",
                "optional": true
              }
            },
            "description_kind": "plain"
          }
        },
        "junos-ipsec-policy-based_SecurityPoliciesPolicyTo__Zone__Name": {
          "version": 0,
          "block": {
            "attributes": {
              "from__zone__name": {
                "type": "string",
                "description": "xpath is: config.Groups.V_policy",
                "description_kind": "plain",
                "optional": true
              },
              "id": {
                "type": "string",
                "description_kind": "plain",
                "optional": true,
                "computed": true
              },
              "resource_name": {
                "type": "string",
                "description_kind": "plain",
                "required": true
              },
              "to__zone__name": {
                "type": "string",
                "description": "xpath is: config.Groups.V_policy. Destination zone",
                "description_kind": "plain",
                "optional": true
              }
            },
            "description_kind": "plain"
          }
        },
        "junos-ipsec-policy-based_commit": {
          "version": 0,
          "block": {
            "attributes": {
              "id": {
                "type": "string",
                "description_kind": "plain",
                "optional": true,
                "computed": true
              },
              "resource_name": {
                "type": "string",
                "description_kind": "plain",
                "required": true
              }
            },
            "description_kind": "plain"
          }
        },
        "junos-ipsec-policy-based_destroycommit": {
          "version": 0,
          "block": {
            "attributes": {
              "id": {
                "type": "string",
                "description_kind": "plain",
                "optional": true,
                "computed": true
              },
              "resource_name": {
                "type": "string",
                "description_kind": "plain",
                "required": true
              }
            },
            "description_kind": "plain"
          }
        }
      }
    }
  }
}
